
Microsoft Visual Studio Solution File, Format Version 12.00
# Visual Studio Version 17
VisualStudioVersion = 17.1.32210.238
MinimumVisualStudioVersion = 10.0.40219.1
Project("{FAE04EC0-301F-11D3-BF4B-00C04F79EFBC}") = "CinemaApplication", "CinemaApplication\CinemaApplication.csproj", "{90D804F9-8FAD-4C40-8801-4C1F6FE5F767}"
EndProject
Project("{FAE04EC0-301F-11D3-BF4B-00C04F79EFBC}") = "Movie", "Movie\Movie.csproj", "{BEA0AD61-29EE-4B37-8A0A-A1672839B45E}"
EndProject
Project("{FAE04EC0-301F-11D3-BF4B-00C04F79EFBC}") = "Faq_DLL", "Faq_DLL\Faq_DLL.csproj", "{F8DE6CBE-B10C-4CAD-A93A-6CA1E2103E17}"
EndProject
Global
	GlobalSection(SolutionConfigurationPlatforms) = preSolution
		Debug|Any CPU = Debug|Any CPU
		Release|Any CPU = Release|Any CPU
	EndGlobalSection
	GlobalSection(ProjectConfigurationPlatforms) = postSolution
		{90D804F9-8FAD-4C40-8801-4C1F6FE5F767}.Debug|Any CPU.ActiveCfg = Debug|Any CPU
		{90D804F9-8FAD-4C40-8801-4C1F6FE5F767}.Debug|Any CPU.Build.0 = Debug|Any CPU
		{90D804F9-8FAD-4C40-8801-4C1F6FE5F767}.Release|Any CPU.ActiveCfg = Release|Any CPU
		{90D804F9-8FAD-4C40-8801-4C1F6FE5F767}.Release|Any CPU.Build.0 = Release|Any CPU
		{BEA0AD61-29EE-4B37-8A0A-A1672839B45E}.Debug|Any CPU.ActiveCfg = Debug|Any CPU
		{BEA0AD61-29EE-4B37-8A0A-A1672839B45E}.Debug|Any CPU.Build.0 = Debug|Any CPU
		{BEA0AD61-29EE-4B37-8A0A-A1672839B45E}.Release|Any CPU.ActiveCfg = Release|Any CPU
		{BEA0AD61-29EE-4B37-8A0A-A1672839B45E}.Release|Any CPU.Build.0 = Release|Any CPU
		{F8DE6CBE-B10C-4CAD-A93A-6CA1E2103E17}.Debug|Any CPU.ActiveCfg = Debug|Any CPU
		{F8DE6CBE-B10C-4CAD-A93A-6CA1E2103E17}.Debug|Any CPU.Build.0 = Debug|Any CPU
		{F8DE6CBE-B10C-4CAD-A93A-6CA1E2103E17}.Release|Any CPU.ActiveCfg = Release|Any CPU
		{F8DE6CBE-B10C-4CAD-A93A-6CA1E2103E17}.Release|Any CPU.Build.0 = Release|Any CPU
	EndGlobalSection
	GlobalSection(SolutionProperties) = preSolution
		HideSolutionNode = FALSE
	EndGlobalSection
	GlobalSection(ExtensibilityGlobals) = postSolution
		SolutionGuid = {CFFC5B1F-ABEF-48D3-8691-6AA8B1EFD877}
	EndGlobalSection
EndGlobal
